
Microsoft Visual Studio Solution File, Format Version 12.00
# Visual Studio Version 17
VisualStudioVersion = 17.0.31903.59
MinimumVisualStudioVersion = 10.0.40219.1
Project("{2150E333-8FDC-42A3-9474-1A3956D46DE8}") = "src", "src", "{3838E381-E3B9-4024-8385-B1CD33DC5B5A}"
EndProject
Project("{FAE04EC0-301F-11D3-BF4B-00C04F79EFBC}") = "LinksQL", "src\LinksQL\LinksQL.csproj", "{BFB4F7A1-B7FD-42B1-A2A9-455647DD60D5}"
EndProject
Project("{2150E333-8FDC-42A3-9474-1A3956D46DE8}") = "tests", "tests", "{FDB73718-2E56-4A01-8EC9-67CA7E165FCF}"
EndProject
Project("{FAE04EC0-301F-11D3-BF4B-00C04F79EFBC}") = "LinksQL.Tests", "tests\LinksQL.Tests\LinksQL.Tests.csproj", "{475C1744-D87B-454D-8918-6E494710B07A}"
EndProject
Global
	GlobalSection(SolutionConfigurationPlatforms) = preSolution
		Debug|Any CPU = Debug|Any CPU
		Release|Any CPU = Release|Any CPU
	EndGlobalSection
	GlobalSection(SolutionProperties) = preSolution
		HideSolutionNode = FALSE
	EndGlobalSection
	GlobalSection(ProjectConfigurationPlatforms) = postSolution
		{BFB4F7A1-B7FD-42B1-A2A9-455647DD60D5}.Debug|Any CPU.ActiveCfg = Debug|Any CPU
		{BFB4F7A1-B7FD-42B1-A2A9-455647DD60D5}.Debug|Any CPU.Build.0 = Debug|Any CPU
		{BFB4F7A1-B7FD-42B1-A2A9-455647DD60D5}.Release|Any CPU.ActiveCfg = Release|Any CPU
		{BFB4F7A1-B7FD-42B1-A2A9-455647DD60D5}.Release|Any CPU.Build.0 = Release|Any CPU
		{475C1744-D87B-454D-8918-6E494710B07A}.Debug|Any CPU.ActiveCfg = Debug|Any CPU
		{475C1744-D87B-454D-8918-6E494710B07A}.Debug|Any CPU.Build.0 = Debug|Any CPU
		{475C1744-D87B-454D-8918-6E494710B07A}.Release|Any CPU.ActiveCfg = Release|Any CPU
		{475C1744-D87B-454D-8918-6E494710B07A}.Release|Any CPU.Build.0 = Release|Any CPU
	EndGlobalSection
	GlobalSection(NestedProjects) = preSolution
		{BFB4F7A1-B7FD-42B1-A2A9-455647DD60D5} = {3838E381-E3B9-4024-8385-B1CD33DC5B5A}
		{475C1744-D87B-454D-8918-6E494710B07A} = {FDB73718-2E56-4A01-8EC9-67CA7E165FCF}
	EndGlobalSection
EndGlobal
